
Microsoft Visual Studio Solution File, Format Version 12.00
# Visual Studio Version 17
VisualStudioVersion = 17.12.35707.178
MinimumVisualStudioVersion = 10.0.40219.1
Project("{FAE04EC0-301F-11D3-BF4B-00C04F79EFBC}") = "APP-SITE-ACADEMIA", "APP-SITE-ACADEMIA.csproj", "{8EEAF12C-CA97-447B-B5BD-A8AFD3AF4367}"
EndProject
Global
	GlobalSection(SolutionConfigurationPlatforms) = preSolution
		Debug|Any CPU = Debug|Any CPU
		Release|Any CPU = Release|Any CPU
	EndGlobalSection
	GlobalSection(ProjectConfigurationPlatforms) = postSolution
		{8EEAF12C-CA97-447B-B5BD-A8AFD3AF4367}.Debug|Any CPU.ActiveCfg = Debug|Any CPU
		{8EEAF12C-CA97-447B-B5BD-A8AFD3AF4367}.Debug|Any CPU.Build.0 = Debug|Any CPU
		{8EEAF12C-CA97-447B-B5BD-A8AFD3AF4367}.Release|Any CPU.ActiveCfg = Release|Any CPU
		{8EEAF12C-CA97-447B-B5BD-A8AFD3AF4367}.Release|Any CPU.Build.0 = Release|Any CPU
	EndGlobalSection
	GlobalSection(SolutionProperties) = preSolution
		HideSolutionNode = FALSE
	EndGlobalSection
EndGlobal
